
Microsoft Visual Studio Solution File, Format Version 12.00
# Visual Studio Version 17
VisualStudioVersion = 17.4.33213.308
MinimumVisualStudioVersion = 10.0.40219.1
Project("{FAE04EC0-301F-11D3-BF4B-00C04F79EFBC}") = "SolidPrinciples-ISP", "SolidPrinciples-ISP\SolidPrinciples-ISP.csproj", "{D3FEAF92-87DC-4667-8B8F-9EEB98194BF3}"
EndProject
Project("{FAE04EC0-301F-11D3-BF4B-00C04F79EFBC}") = "SolidPrinciples-ISP-OK", "SolidPrinciples-ISP-OK\SolidPrinciples-ISP-OK.csproj", "{7F2893F7-5220-466E-B134-D922470329AD}"
EndProject
Global
	GlobalSection(SolutionConfigurationPlatforms) = preSolution
		Debug|Any CPU = Debug|Any CPU
		Release|Any CPU = Release|Any CPU
	EndGlobalSection
	GlobalSection(ProjectConfigurationPlatforms) = postSolution
		{D3FEAF92-87DC-4667-8B8F-9EEB98194BF3}.Debug|Any CPU.ActiveCfg = Debug|Any CPU
		{D3FEAF92-87DC-4667-8B8F-9EEB98194BF3}.Debug|Any CPU.Build.0 = Debug|Any CPU
		{D3FEAF92-87DC-4667-8B8F-9EEB98194BF3}.Release|Any CPU.ActiveCfg = Release|Any CPU
		{D3FEAF92-87DC-4667-8B8F-9EEB98194BF3}.Release|Any CPU.Build.0 = Release|Any CPU
		{7F2893F7-5220-466E-B134-D922470329AD}.Debug|Any CPU.ActiveCfg = Debug|Any CPU
		{7F2893F7-5220-466E-B134-D922470329AD}.Debug|Any CPU.Build.0 = Debug|Any CPU
		{7F2893F7-5220-466E-B134-D922470329AD}.Release|Any CPU.ActiveCfg = Release|Any CPU
		{7F2893F7-5220-466E-B134-D922470329AD}.Release|Any CPU.Build.0 = Release|Any CPU
	EndGlobalSection
	GlobalSection(SolutionProperties) = preSolution
		HideSolutionNode = FALSE
	EndGlobalSection
	GlobalSection(ExtensibilityGlobals) = postSolution
		SolutionGuid = {B2C18901-36C8-4709-8AD1-5BBCB6CD2963}
	EndGlobalSection
EndGlobal
